
Microsoft Visual Studio Solution File, Format Version 12.00
# Visual Studio Version 16
VisualStudioVersion = 16.0.30406.217
MinimumVisualStudioVersion = 10.0.40219.1
Project("{FAE04EC0-301F-11D3-BF4B-00C04F79EFBC}") = "Bot", "Bot\Bot.csproj", "{79280D7C-018F-4E1B-8833-FC64827C9592}"
EndProject
Global
	GlobalSection(SolutionConfigurationPlatforms) = preSolution
		Debug|Any CPU = Debug|Any CPU
		Release|Any CPU = Release|Any CPU
	EndGlobalSection
	GlobalSection(ProjectConfigurationPlatforms) = postSolution
		{79280D7C-018F-4E1B-8833-FC64827C9592}.Debug|Any CPU.ActiveCfg = Debug|Any CPU
		{79280D7C-018F-4E1B-8833-FC64827C9592}.Debug|Any CPU.Build.0 = Debug|Any CPU
		{79280D7C-018F-4E1B-8833-FC64827C9592}.Release|Any CPU.ActiveCfg = Release|Any CPU
		{79280D7C-018F-4E1B-8833-FC64827C9592}.Release|Any CPU.Build.0 = Release|Any CPU
	EndGlobalSection
	GlobalSection(SolutionProperties) = preSolution
		HideSolutionNode = FALSE
	EndGlobalSection
	GlobalSection(ExtensibilityGlobals) = postSolution
		SolutionGuid = {68199124-DBEF-4887-80E3-95935AAD971F}
	EndGlobalSection
EndGlobal
